
Microsoft Visual Studio Solution File, Format Version 12.00
# Visual Studio Version 17
VisualStudioVersion = 17.3.32825.248
MinimumVisualStudioVersion = 10.0.40219.1
Project("{FAE04EC0-301F-11D3-BF4B-00C04F79EFBC}") = "Qatar_2022", "Qatar_2022\Qatar_2022.csproj", "{DA781293-906C-4664-9D18-AFFBC850A7E4}"
EndProject
Global
	GlobalSection(SolutionConfigurationPlatforms) = preSolution
		Debug|Any CPU = Debug|Any CPU
		Release|Any CPU = Release|Any CPU
	EndGlobalSection
	GlobalSection(ProjectConfigurationPlatforms) = postSolution
		{DA781293-906C-4664-9D18-AFFBC850A7E4}.Debug|Any CPU.ActiveCfg = Debug|Any CPU
		{DA781293-906C-4664-9D18-AFFBC850A7E4}.Debug|Any CPU.Build.0 = Debug|Any CPU
		{DA781293-906C-4664-9D18-AFFBC850A7E4}.Release|Any CPU.ActiveCfg = Release|Any CPU
		{DA781293-906C-4664-9D18-AFFBC850A7E4}.Release|Any CPU.Build.0 = Release|Any CPU
	EndGlobalSection
	GlobalSection(SolutionProperties) = preSolution
		HideSolutionNode = FALSE
	EndGlobalSection
	GlobalSection(ExtensibilityGlobals) = postSolution
		SolutionGuid = {E5CEC034-167E-4440-9C3B-EB098DD4660C}
	EndGlobalSection
EndGlobal
